
Microsoft Visual Studio Solution File, Format Version 12.00
# Visual Studio 15
VisualStudioVersion = 15.0.28307.902
MinimumVisualStudioVersion = 10.0.40219.1
Project("{FAE04EC0-301F-11D3-BF4B-00C04F79EFBC}") = "targil2", "targil2\targil2.csproj", "{DA776E59-C3BE-4810-8DF0-8D80D049815A}"
EndProject
Global
	GlobalSection(SolutionConfigurationPlatforms) = preSolution
		Debug|Any CPU = Debug|Any CPU
		Release|Any CPU = Release|Any CPU
	EndGlobalSection
	GlobalSection(ProjectConfigurationPlatforms) = postSolution
		{DA776E59-C3BE-4810-8DF0-8D80D049815A}.Debug|Any CPU.ActiveCfg = Debug|Any CPU
		{DA776E59-C3BE-4810-8DF0-8D80D049815A}.Debug|Any CPU.Build.0 = Debug|Any CPU
		{DA776E59-C3BE-4810-8DF0-8D80D049815A}.Release|Any CPU.ActiveCfg = Release|Any CPU
		{DA776E59-C3BE-4810-8DF0-8D80D049815A}.Release|Any CPU.Build.0 = Release|Any CPU
	EndGlobalSection
	GlobalSection(SolutionProperties) = preSolution
		HideSolutionNode = FALSE
	EndGlobalSection
	GlobalSection(ExtensibilityGlobals) = postSolution
		SolutionGuid = {26AC54AE-1643-4005-8786-2223D22A67B9}
	EndGlobalSection
EndGlobal
